
Microsoft Visual Studio Solution File, Format Version 12.00
# Visual Studio Version 16
VisualStudioVersion = 16.0.30503.244
MinimumVisualStudioVersion = 10.0.40219.1
Project("{FAE04EC0-301F-11D3-BF4B-00C04F79EFBC}") = "WindowsFormsAssignment2", "WindowsFormsAssignment2\WindowsFormsAssignment2.csproj", "{DBCE3240-9CD1-4F65-8215-94BA1D416502}"
EndProject
Project("{FAE04EC0-301F-11D3-BF4B-00C04F79EFBC}") = "ChatLogger", "ChatLogger\ChatLogger.csproj", "{735A2CE7-4BEA-498A-A64F-E9EE1D9EFA55}"
EndProject
Project("{FAE04EC0-301F-11D3-BF4B-00C04F79EFBC}") = "ChatLib", "ChatLib\ChatLib.csproj", "{FEDD9BC9-DAF1-4C1C-8820-55677E9C9B80}"
EndProject
Global
	GlobalSection(SolutionConfigurationPlatforms) = preSolution
		Debug|Any CPU = Debug|Any CPU
		Release|Any CPU = Release|Any CPU
	EndGlobalSection
	GlobalSection(ProjectConfigurationPlatforms) = postSolution
		{DBCE3240-9CD1-4F65-8215-94BA1D416502}.Debug|Any CPU.ActiveCfg = Debug|Any CPU
		{DBCE3240-9CD1-4F65-8215-94BA1D416502}.Debug|Any CPU.Build.0 = Debug|Any CPU
		{DBCE3240-9CD1-4F65-8215-94BA1D416502}.Release|Any CPU.ActiveCfg = Release|Any CPU
		{DBCE3240-9CD1-4F65-8215-94BA1D416502}.Release|Any CPU.Build.0 = Release|Any CPU
		{735A2CE7-4BEA-498A-A64F-E9EE1D9EFA55}.Debug|Any CPU.ActiveCfg = Debug|Any CPU
		{735A2CE7-4BEA-498A-A64F-E9EE1D9EFA55}.Debug|Any CPU.Build.0 = Debug|Any CPU
		{735A2CE7-4BEA-498A-A64F-E9EE1D9EFA55}.Release|Any CPU.ActiveCfg = Release|Any CPU
		{735A2CE7-4BEA-498A-A64F-E9EE1D9EFA55}.Release|Any CPU.Build.0 = Release|Any CPU
		{FEDD9BC9-DAF1-4C1C-8820-55677E9C9B80}.Debug|Any CPU.ActiveCfg = Debug|Any CPU
		{FEDD9BC9-DAF1-4C1C-8820-55677E9C9B80}.Debug|Any CPU.Build.0 = Debug|Any CPU
		{FEDD9BC9-DAF1-4C1C-8820-55677E9C9B80}.Release|Any CPU.ActiveCfg = Release|Any CPU
		{FEDD9BC9-DAF1-4C1C-8820-55677E9C9B80}.Release|Any CPU.Build.0 = Release|Any CPU
	EndGlobalSection
	GlobalSection(SolutionProperties) = preSolution
		HideSolutionNode = FALSE
	EndGlobalSection
	GlobalSection(ExtensibilityGlobals) = postSolution
		SolutionGuid = {C9B7D441-AEE7-4CA7-96ED-BD1A70FFC768}
	EndGlobalSection
EndGlobal
